
Microsoft Visual Studio Solution File, Format Version 12.00
# Visual Studio Version 16
VisualStudioVersion = 16.0.33529.622
MinimumVisualStudioVersion = 10.0.40219.1
Project("{FAE04EC0-301F-11D3-BF4B-00C04F79EFBC}") = "Projekt_Aufgabenverfolgung", "Projekt_Aufgabenverfolgung\Projekt_Aufgabenverfolgung.csproj", "{599BB767-FC29-4476-99F3-B081063D7652}"
EndProject
Global
	GlobalSection(SolutionConfigurationPlatforms) = preSolution
		Debug|Any CPU = Debug|Any CPU
		Release|Any CPU = Release|Any CPU
	EndGlobalSection
	GlobalSection(ProjectConfigurationPlatforms) = postSolution
		{599BB767-FC29-4476-99F3-B081063D7652}.Debug|Any CPU.ActiveCfg = Debug|Any CPU
		{599BB767-FC29-4476-99F3-B081063D7652}.Debug|Any CPU.Build.0 = Debug|Any CPU
		{599BB767-FC29-4476-99F3-B081063D7652}.Release|Any CPU.ActiveCfg = Release|Any CPU
		{599BB767-FC29-4476-99F3-B081063D7652}.Release|Any CPU.Build.0 = Release|Any CPU
	EndGlobalSection
	GlobalSection(SolutionProperties) = preSolution
		HideSolutionNode = FALSE
	EndGlobalSection
	GlobalSection(ExtensibilityGlobals) = postSolution
		SolutionGuid = {57F367C2-8FA1-4F18-B0D0-5F5E8AF690A4}
	EndGlobalSection
EndGlobal
